// !$*UTF8*$!
{
	archiveVersion = 1;
	classes = {
	};
	objectVersion = 77;
	objects = {

/* Begin PBXContainerItemProxy section */
		F54ECED62DA2EC6E0033FDBB /* PBXContainerItemProxy */ = {
			isa = PBXContainerItemProxy;
			containerPortal = F54ECEBE2DA2EC690033FDBB /* Project object */;
			proxyType = 1;
			remoteGlobalIDString = F54ECEC52DA2EC690033FDBB;
			remoteInfo = surveyapp;
		};
		F54ECEE02DA2EC6E0033FDBB /* PBXContainerItemProxy */ = {
			isa = PBXContainerItemProxy;
			containerPortal = F54ECEBE2DA2EC690033FDBB /* Project object */;
			proxyType = 1;
			remoteGlobalIDString = F54ECEC52DA2EC690033FDBB;
			remoteInfo = surveyapp;
		};
/* End PBXContainerItemProxy section */

/* Begin PBXFileReference section */
		F54ECEC62DA2EC690033FDBB /* surveyapp.app */ = {isa = PBXFileReference; explicitFileType = wrapper.application; includeInIndex = 0; path = surveyapp.app; sourceTree = BUILT_PRODUCTS_DIR; };
		F54ECED52DA2EC6E0033FDBB /* surveyappTests.xctest */ = {isa = PBXFileReference; explicitFileType = wrapper.cfbundle; includeInIndex = 0; path = surveyappTests.xctest; sourceTree = BUILT_PRODUCTS_DIR; };
		F54ECEDF2DA2EC6E0033FDBB /* surveyappUITests.xctest */ = {isa = PBXFileReference; explicitFileType = wrapper.cfbundle; includeInIndex = 0; path = surveyappUITests.xctest; sourceTree = BUILT_PRODUCTS_DIR; };
/* End PBXFileReference section */

/* Begin PBXFileSystemSynchronizedRootGroup section */
		F54ECEC82DA2EC690033FDBB /* surveyapp */ = {
			isa = PBXFileSystemSynchronizedRootGroup;
			path = surveyapp;
			sourceTree = "<group>";
		};
		F54ECED82DA2EC6E0033FDBB /* surveyappTests */ = {
			isa = PBXFileSystemSynchronizedRootGroup;
			path = surveyappTests;
			sourceTree = "<group>";
		};
		F54ECEE22DA2EC6E0033FDBB /* surveyappUITests */ = {
			isa = PBXFileSystemSynchronizedRootGroup;
			path = surveyappUITests;
			sourceTree = "<group>";
		};
/* End PBXFileSystemSynchronizedRootGroup section */

/* Begin PBXFrameworksBuildPhase section */
		F54ECEC32DA2EC690033FDBB /* Frameworks */ = {
			isa = PBXFrameworksBuildPhase;
			buildActionMask = 2147483647;
			files = (
			);
			runOnlyForDeploymentPostprocessing = 0;
		};
		F54ECED22DA2EC6E0033FDBB /* Frameworks */ = {
			isa = PBXFrameworksBuildPhase;
			buildActionMask = 2147483647;
			files = (
			);
			runOnlyForDeploymentPostprocessing = 0;
		};
		F54ECEDC2DA2EC6E0033FDBB /* Frameworks */ = {
			isa = PBXFrameworksBuildPhase;
			buildActionMask = 2147483647;
			files = (
			);
			runOnlyForDeploymentPostprocessing = 0;
		};
/* End PBXFrameworksBuildPhase section */

/* Begin PBXGroup section */
		F54ECEBD2DA2EC690033FDBB = {
			isa = PBXGroup;
			children = (
				F54ECEC82DA2EC690033FDBB /* surveyapp */,
				F54ECED82DA2EC6E0033FDBB /* surveyappTests */,
				F54ECEE22DA2EC6E0033FDBB /* surveyappUITests */,
				F54ECEC72DA2EC690033FDBB /* Products */,
			);
			sourceTree = "<group>";
		};
		F54ECEC72DA2EC690033FDBB /* Products */ = {
			isa = PBXGroup;
			children = (
				F54ECEC62DA2EC690033FDBB /* surveyapp.app */,
				F54ECED52DA2EC6E0033FDBB /* surveyappTests.xctest */,
				F54ECEDF2DA2EC6E0033FDBB /* surveyappUITests.xctest */,
			);
			name = Products;
			sourceTree = "<group>";
		};
/* End PBXGroup section */

/* Begin PBXNativeTarget section */
		F54ECEC52DA2EC690033FDBB /* surveyapp */ = {
			isa = PBXNativeTarget;
			buildConfigurationList = F54ECEE92DA2EC6E0033FDBB /* Build configuration list for PBXNativeTarget "surveyapp" */;
			buildPhases = (
				F54ECEC22DA2EC690033FDBB /* Sources */,
				F54ECEC32DA2EC690033FDBB /* Frameworks */,
				F54ECEC42DA2EC690033FDBB /* Resources */,
			);
			buildRules = (
			);
			dependencies = (
			);
			fileSystemSynchronizedGroups = (
				F54ECEC82DA2EC690033FDBB /* surveyapp */,
			);
			name = surveyapp;
			packageProductDependencies = (
			);
			productName = surveyapp;
			productReference = F54ECEC62DA2EC690033FDBB /* surveyapp.app */;
			productType = "com.apple.product-type.application";
		};
		F54ECED42DA2EC6E0033FDBB /* surveyappTests */ = {
			isa = PBXNativeTarget;
			buildConfigurationList = F54ECEEC2DA2EC6E0033FDBB /* Build configuration list for PBXNativeTarget "surveyappTests" */;
			buildPhases = (
				F54ECED12DA2EC6E0033FDBB /* Sources */,
				F54ECED22DA2EC6E0033FDBB /* Frameworks */,
				F54ECED32DA2EC6E0033FDBB /* Resources */,
			);
			buildRules = (
			);
			dependencies = (
				F54ECED72DA2EC6E0033FDBB /* PBXTargetDependency */,
			);
			fileSystemSynchronizedGroups = (
				F54ECED82DA2EC6E0033FDBB /* surveyappTests */,
			);
			name = surveyappTests;
			packageProductDependencies = (
			);
			productName = surveyappTests;
			productReference = F54ECED52DA2EC6E0033FDBB /* surveyappTests.xctest */;
			productType = "com.apple.product-type.bundle.unit-test";
		};
		F54ECEDE2DA2EC6E0033FDBB /* surveyappUITests */ = {
			isa = PBXNativeTarget;
			buildConfigurationList = F54ECEEF2DA2EC6E0033FDBB /* Build configuration list for PBXNativeTarget "surveyappUITests" */;
			buildPhases = (
				F54ECEDB2DA2EC6E0033FDBB /* Sources */,
				F54ECEDC2DA2EC6E0033FDBB /* Frameworks */,
				F54ECEDD2DA2EC6E0033FDBB /* Resources */,
			);
			buildRules = (
			);
			dependencies = (
				F54ECEE12DA2EC6E0033FDBB /* PBXTargetDependency */,
			);
			fileSystemSynchronizedGroups = (
				F54ECEE22DA2EC6E0033FDBB /* surveyappUITests */,
			);
			name = surveyappUITests;
			packageProductDependencies = (
			);
			productName = surveyappUITests;
			productReference = F54ECEDF2DA2EC6E0033FDBB /* surveyappUITests.xctest */;
			productType = "com.apple.product-type.bundle.ui-testing";
		};
/* End PBXNativeTarget section */

/* Begin PBXProject section */
		F54ECEBE2DA2EC690033FDBB /* Project object */ = {
			isa = PBXProject;
			attributes = {
				BuildIndependentTargetsInParallel = 1;
				LastSwiftUpdateCheck = 1630;
				LastUpgradeCheck = 1630;
				TargetAttributes = {
					F54ECEC52DA2EC690033FDBB = {
						CreatedOnToolsVersion = 16.3;
						LastSwiftMigration = 1630;
					};
					F54ECED42DA2EC6E0033FDBB = {
						CreatedOnToolsVersion = 16.3;
						TestTargetID = F54ECEC52DA2EC690033FDBB;
					};
					F54ECEDE2DA2EC6E0033FDBB = {
						CreatedOnToolsVersion = 16.3;
						TestTargetID = F54ECEC52DA2EC690033FDBB;
					};
				};
			};
			buildConfigurationList = F54ECEC12DA2EC690033FDBB /* Build configuration list for PBXProject "surveyapp" */;
			developmentRegion = en;
			hasScannedForEncodings = 0;
			knownRegions = (
				en,
				Base,
			);
			mainGroup = F54ECEBD2DA2EC690033FDBB;
			minimizedProjectReferenceProxies = 1;
			preferredProjectObjectVersion = 77;
			productRefGroup = F54ECEC72DA2EC690033FDBB /* Products */;
			projectDirPath = "";
			projectRoot = "";
			targets = (
				F54ECEC52DA2EC690033FDBB /* surveyapp */,
				F54ECED42DA2EC6E0033FDBB /* surveyappTests */,
				F54ECEDE2DA2EC6E0033FDBB /* surveyappUITests */,
			);
		};
/* End PBXProject section */

/* Begin PBXResourcesBuildPhase section */
		F54ECEC42DA2EC690033FDBB /* Resources */ = {
			isa = PBXResourcesBuildPhase;
			buildActionMask = 2147483647;
			files = (
			);
			runOnlyForDeploymentPostprocessing = 0;
		};
		F54ECED32DA2EC6E0033FDBB /* Resources */ = {
			isa = PBXResourcesBuildPhase;
			buildActionMask = 2147483647;
			files = (
			);
			runOnlyForDeploymentPostprocessing = 0;
		};
		F54ECEDD2DA2EC6E0033FDBB /* Resources */ = {
			isa = PBXResourcesBuildPhase;
			buildActionMask = 2147483647;
			files = (
			);
			runOnlyForDeploymentPostprocessing = 0;
		};
/* End PBXResourcesBuildPhase section */

/* Begin PBXSourcesBuildPhase section */
		F54ECEC22DA2EC690033FDBB /* Sources */ = {
			isa = PBXSourcesBuildPhase;
			buildActionMask = 2147483647;
			files = (
			);
			runOnlyForDeploymentPostprocessing = 0;
		};
		F54ECED12DA2EC6E0033FDBB /* Sources */ = {
			isa = PBXSourcesBuildPhase;
			buildActionMask = 2147483647;
			files = (
			);
			runOnlyForDeploymentPostprocessing = 0;
		};
		F54ECEDB2DA2EC6E0033FDBB /* Sources */ = {
			isa = PBXSourcesBuildPhase;
			buildActionMask = 2147483647;
			files = (
			);
			runOnlyForDeploymentPostprocessing = 0;
		};
/* End PBXSourcesBuildPhase section */

/* Begin PBXTargetDependency section */
		F54ECED72DA2EC6E0033FDBB /* PBXTargetDependency */ = {
			isa = PBXTargetDependency;
			target = F54ECEC52DA2EC690033FDBB /* surveyapp */;
			targetProxy = F54ECED62DA2EC6E0033FDBB /* PBXContainerItemProxy */;
		};
		F54ECEE12DA2EC6E0033FDBB /* PBXTargetDependency */ = {
			isa = PBXTargetDependency;
			target = F54ECEC52DA2EC690033FDBB /* surveyapp */;
			targetProxy = F54ECEE02DA2EC6E0033FDBB /* PBXContainerItemProxy */;
		};
/* End PBXTargetDependency section */

/* Begin XCBuildConfiguration section */
		F54ECEE72DA2EC6E0033FDBB /* Debug */ = {
			isa = XCBuildConfiguration;
			buildSettings = {
				ALWAYS_SEARCH_USER_PATHS = NO;
				ASSETCATALOG_COMPILER_GENERATE_SWIFT_ASSET_SYMBOL_EXTENSIONS = YES;
				CLANG_ANALYZER_NONNULL = YES;
				CLANG_ANALYZER_NUMBER_OBJECT_CONVERSION = YES_AGGRESSIVE;
				CLANG_CXX_LANGUAGE_STANDARD = "gnu++20";
				CLANG_ENABLE_MODULES = YES;
				CLANG_ENABLE_OBJC_ARC = YES;
				CLANG_ENABLE_OBJC_WEAK = YES;
				CLANG_WARN_BLOCK_CAPTURE_AUTORELEASING = YES;
				CLANG_WARN_BOOL_CONVERSION = YES;
				CLANG_WARN_COMMA = YES;
				CLANG_WARN_CONSTANT_CONVERSION = YES;
				CLANG_WARN_DEPRECATED_OBJC_IMPLEMENTATIONS = YES;
				CLANG_WARN_DIRECT_OBJC_ISA_USAGE = YES_ERROR;
				CLANG_WARN_DOCUMENTATION_COMMENTS = YES;
				CLANG_WARN_EMPTY_BODY = YES;
				CLANG_WARN_ENUM_CONVERSION = YES;
				CLANG_WARN_INFINITE_RECURSION = YES;
				CLANG_WARN_INT_CONVERSION = YES;
				CLANG_WARN_NON_LITERAL_NULL_CONVERSION = YES;
				CLANG_WARN_OBJC_IMPLICIT_RETAIN_SELF = YES;
				CLANG_WARN_OBJC_LITERAL_CONVERSION = YES;
				CLANG_WARN_OBJC_ROOT_CLASS = YES_ERROR;
				CLANG_WARN_QUOTED_INCLUDE_IN_FRAMEWORK_HEADER = YES;
				CLANG_WARN_RANGE_LOOP_ANALYSIS = YES;
				CLANG_WARN_STRICT_PROTOTYPES = YES;
				CLANG_WARN_SUSPICIOUS_MOVE = YES;
				CLANG_WARN_UNGUARDED_AVAILABILITY = YES_AGGRESSIVE;
				CLANG_WARN_UNREACHABLE_CODE = YES;
				CLANG_WARN__DUPLICATE_METHOD_MATCH = YES;
				COPY_PHASE_STRIP = NO;
				DEBUG_INFORMATION_FORMAT = dwarf;
				ENABLE_STRICT_OBJC_MSGSEND = YES;
				ENABLE_TESTABILITY = YES;
				ENABLE_USER_SCRIPT_SANDBOXING = YES;
				GCC_C_LANGUAGE_STANDARD = gnu17;
				GCC_DYNAMIC_NO_PIC = NO;
				GCC_NO_COMMON_BLOCKS = YES;
				GCC_OPTIMIZATION_LEVEL = 0;
				GCC_PREPROCESSOR_DEFINITIONS = (
					"DEBUG=1",
					"$(inherited)",
				);
				GCC_WARN_64_TO_32_BIT_CONVERSION = YES;
				GCC_WARN_ABOUT_RETURN_TYPE = YES_ERROR;
				GCC_WARN_UNDECLARED_SELECTOR = YES;
				GCC_WARN_UNINITIALIZED_AUTOS = YES_AGGRESSIVE;
				GCC_WARN_UNUSED_FUNCTION = YES;
				GCC_WARN_UNUSED_VARIABLE = YES;
				IPHONEOS_DEPLOYMENT_TARGET = 18.4;
				LOCALIZATION_PREFERS_STRING_CATALOGS = YES;
				MTL_ENABLE_DEBUG_INFO = INCLUDE_SOURCE;
				MTL_FAST_MATH = YES;
				ONLY_ACTIVE_ARCH = YES;
				SDKROOT = iphoneos;
				SWIFT_ACTIVE_COMPILATION_CONDITIONS = "DEBUG $(inherited)";
				SWIFT_OPTIMIZATION_LEVEL = "-Onone";
			};
			name = Debug;
		};
		F54ECEE82DA2EC6E0033FDBB /* Release */ = {
			isa = XCBuildConfiguration;
			buildSettings = {
				ALWAYS_SEARCH_USER_PATHS = NO;
				ASSETCATALOG_COMPILER_GENERATE_SWIFT_ASSET_SYMBOL_EXTENSIONS = YES;
				CLANG_ANALYZER_NONNULL = YES;
				CLANG_ANALYZER_NUMBER_OBJECT_CONVERSION = YES_AGGRESSIVE;
				CLANG_CXX_LANGUAGE_STANDARD = "gnu++20";
				CLANG_ENABLE_MODULES = YES;
				CLANG_ENABLE_OBJC_ARC = YES;
				CLANG_ENABLE_OBJC_WEAK = YES;
				CLANG_WARN_BLOCK_CAPTURE_AUTORELEASING = YES;
				CLANG_WARN_BOOL_CONVERSION = YES;
				CLANG_WARN_COMMA = YES;
				CLANG_WARN_CONSTANT_CONVERSION = YES;
				CLANG_WARN_DEPRECATED_OBJC_IMPLEMENTATIONS = YES;
				CLANG_WARN_DIRECT_OBJC_ISA_USAGE = YES_ERROR;
				CLANG_WARN_DOCUMENTATION_COMMENTS = YES;
				CLANG_WARN_EMPTY_BODY = YES;
				CLANG_WARN_ENUM_CONVERSION = YES;
				CLANG_WARN_INFINITE_RECURSION = YES;
				CLANG_WARN_INT_CONVERSION = YES;
				CLANG_WARN_NON_LITERAL_NULL_CONVERSION = YES;
				CLANG_WARN_OBJC_IMPLICIT_RETAIN_SELF = YES;
				CLANG_WARN_OBJC_LITERAL_CONVERSION = YES;
				CLANG_WARN_OBJC_ROOT_CLASS = YES_ERROR;
				CLANG_WARN_QUOTED_INCLUDE_IN_FRAMEWORK_HEADER = YES;
				CLANG_WARN_RANGE_LOOP_ANALYSIS = YES;
				CLANG_WARN_STRICT_PROTOTYPES = YES;
				CLANG_WARN_SUSPICIOUS_MOVE = YES;
				CLANG_WARN_UNGUARDED_AVAILABILITY = YES_AGGRESSIVE;
				CLANG_WARN_UNREACHABLE_CODE = YES;
				CLANG_WARN__DUPLICATE_METHOD_MATCH = YES;
				COPY_PHASE_STRIP = NO;
				DEBUG_INFORMATION_FORMAT = "dwarf-with-dsym";
				ENABLE_NS_ASSERTIONS = NO;
				ENABLE_STRICT_OBJC_MSGSEND = YES;
				ENABLE_USER_SCRIPT_SANDBOXING = YES;
				GCC_C_LANGUAGE_STANDARD = gnu17;
				GCC_NO_COMMON_BLOCKS = YES;
				GCC_WARN_64_TO_32_BIT_CONVERSION = YES;
				GCC_WARN_ABOUT_RETURN_TYPE = YES_ERROR;
				GCC_WARN_UNDECLARED_SELECTOR = YES;
				GCC_WARN_UNINITIALIZED_AUTOS = YES_AGGRESSIVE;
				GCC_WARN_UNUSED_FUNCTION = YES;
				GCC_WARN_UNUSED_VARIABLE = YES;
				IPHONEOS_DEPLOYMENT_TARGET = 18.4;
				LOCALIZATION_PREFERS_STRING_CATALOGS = YES;
				MTL_ENABLE_DEBUG_INFO = NO;
				MTL_FAST_MATH = YES;
				SDKROOT = iphoneos;
				SWIFT_COMPILATION_MODE = wholemodule;
				VALIDATE_PRODUCT = YES;
			};
			name = Release;
		};
		F54ECEEA2DA2EC6E0033FDBB /* Debug */ = {
			isa = XCBuildConfiguration;
			buildSettings = {
				ASSETCATALOG_COMPILER_APPICON_NAME = AppIcon;
				ASSETCATALOG_COMPILER_GLOBAL_ACCENT_COLOR_NAME = AccentColor;
				CLANG_ENABLE_MODULES = YES;
				CODE_SIGN_STYLE = Automatic;
				CURRENT_PROJECT_VERSION = 1;
				ENABLE_PREVIEWS = YES;
				GENERATE_INFOPLIST_FILE = YES;
				INFOPLIST_KEY_UIApplicationSceneManifest_Generation = YES;
				INFOPLIST_KEY_UIApplicationSupportsIndirectInputEvents = YES;
				INFOPLIST_KEY_UILaunchScreen_Generation = YES;
				INFOPLIST_KEY_UISupportedInterfaceOrientations_iPad = "UIInterfaceOrientationPortrait UIInterfaceOrientationPortraitUpsideDown UIInterfaceOrientationLandscapeLeft UIInterfaceOrientationLandscapeRight";
				INFOPLIST_KEY_UISupportedInterfaceOrientations_iPhone = "UIInterfaceOrientationPortrait UIInterfaceOrientationLandscapeLeft UIInterfaceOrientationLandscapeRight";
				LD_RUNPATH_SEARCH_PATHS = (
					"$(inherited)",
					"@executable_path/Frameworks",
				);
				MARKETING_VERSION = 1.0;
				PRODUCT_BUNDLE_IDENTIFIER = com.jillian.surveyapp;
				PRODUCT_NAME = "$(TARGET_NAME)";
				SWIFT_EMIT_LOC_STRINGS = YES;
				SWIFT_OPTIMIZATION_LEVEL = "-Onone";
				SWIFT_VERSION = 5.0;
				TARGETED_DEVICE_FAMILY = "1,2";
			};
			name = Debug;
		};
		F54ECEEB2DA2EC6E0033FDBB /* Release */ = {
			isa = XCBuildConfiguration;
			buildSettings = {
				ASSETCATALOG_COMPILER_APPICON_NAME = AppIcon;
				ASSETCATALOG_COMPILER_GLOBAL_ACCENT_COLOR_NAME = AccentColor;
				CLANG_ENABLE_MODULES = YES;
				CODE_SIGN_STYLE = Automatic;
				CURRENT_PROJECT_VERSION = 1;
				ENABLE_PREVIEWS = YES;
				GENERATE_INFOPLIST_FILE = YES;
				INFOPLIST_KEY_UIApplicationSceneManifest_Generation = YES;
				INFOPLIST_KEY_UIApplicationSupportsIndirectInputEvents = YES;
				INFOPLIST_KEY_UILaunchScreen_Generation = YES;
				INFOPLIST_KEY_UISupportedInterfaceOrientations_iPad = "UIInterfaceOrientationPortrait UIInterfaceOrientationPortraitUpsideDown UIInterfaceOrientationLandscapeLeft UIInterfaceOrientationLandscapeRight";
				INFOPLIST_KEY_UISupportedInterfaceOrientations_iPhone = "UIInterfaceOrientationPortrait UIInterfaceOrientationLandscapeLeft UIInterfaceOrientationLandscapeRight";
				LD_RUNPATH_SEARCH_PATHS = (
					"$(inherited)",
					"@executable_path/Frameworks",
				);
				MARKETING_VERSION = 1.0;
				PRODUCT_BUNDLE_IDENTIFIER = com.jillian.surveyapp;
				PRODUCT_NAME = "$(TARGET_NAME)";
				SWIFT_EMIT_LOC_STRINGS = YES;
				SWIFT_VERSION = 5.0;
				TARGETED_DEVICE_FAMILY = "1,2";
			};
			name = Release;
		};
		F54ECEED2DA2EC6E0033FDBB /* Debug */ = {
			isa = XCBuildConfiguration;
			buildSettings = {
				BUNDLE_LOADER = "$(TEST_HOST)";
				CODE_SIGN_STYLE = Automatic;
				CURRENT_PROJECT_VERSION = 1;
				GENERATE_INFOPLIST_FILE = YES;
				IPHONEOS_DEPLOYMENT_TARGET = 18.4;
				MARKETING_VERSION = 1.0;
				PRODUCT_BUNDLE_IDENTIFIER = com.jillian.surveyappTests;
				PRODUCT_NAME = "$(TARGET_NAME)";
				SWIFT_EMIT_LOC_STRINGS = NO;
				SWIFT_VERSION = 5.0;
				TARGETED_DEVICE_FAMILY = "1,2";
				TEST_HOST = "$(BUILT_PRODUCTS_DIR)/surveyapp.app/$(BUNDLE_EXECUTABLE_FOLDER_PATH)/surveyapp";
			};
			name = Debug;
		};
		F54ECEEE2DA2EC6E0033FDBB /* Release */ = {
			isa = XCBuildConfiguration;
			buildSettings = {
				BUNDLE_LOADER = "$(TEST_HOST)";
				CODE_SIGN_STYLE = Automatic;
				CURRENT_PROJECT_VERSION = 1;
				GENERATE_INFOPLIST_FILE = YES;
				IPHONEOS_DEPLOYMENT_TARGET = 18.4;
				MARKETING_VERSION = 1.0;
				PRODUCT_BUNDLE_IDENTIFIER = com.jillian.surveyappTests;
				PRODUCT_NAME = "$(TARGET_NAME)";
				SWIFT_EMIT_LOC_STRINGS = NO;
				SWIFT_VERSION = 5.0;
				TARGETED_DEVICE_FAMILY = "1,2";
				TEST_HOST = "$(BUILT_PRODUCTS_DIR)/surveyapp.app/$(BUNDLE_EXECUTABLE_FOLDER_PATH)/surveyapp";
			};
			name = Release;
		};
		F54ECEF02DA2EC6E0033FDBB /* Debug */ = {
			isa = XCBuildConfiguration;
			buildSettings = {
				CODE_SIGN_STYLE = Automatic;
				CURRENT_PROJECT_VERSION = 1;
				GENERATE_INFOPLIST_FILE = YES;
				MARKETING_VERSION = 1.0;
				PRODUCT_BUNDLE_IDENTIFIER = com.jillian.surveyappUITests;
				PRODUCT_NAME = "$(TARGET_NAME)";
				SWIFT_EMIT_LOC_STRINGS = NO;
				SWIFT_VERSION = 5.0;
				TARGETED_DEVICE_FAMILY = "1,2";
				TEST_TARGET_NAME = surveyapp;
			};
			name = Debug;
		};
		F54ECEF12DA2EC6E0033FDBB /* Release */ = {
			isa = XCBuildConfiguration;
			buildSettings = {
				CODE_SIGN_STYLE = Automatic;
				CURRENT_PROJECT_VERSION = 1;
				GENERATE_INFOPLIST_FILE = YES;
				MARKETING_VERSION = 1.0;
				PRODUCT_BUNDLE_IDENTIFIER = com.jillian.surveyappUITests;
				PRODUCT_NAME = "$(TARGET_NAME)";
				SWIFT_EMIT_LOC_STRINGS = NO;
				SWIFT_VERSION = 5.0;
				TARGETED_DEVICE_FAMILY = "1,2";
				TEST_TARGET_NAME = surveyapp;
			};
			name = Release;
		};
/* End XCBuildConfiguration section */

/* Begin XCConfigurationList section */
		F54ECEC12DA2EC690033FDBB /* Build configuration list for PBXProject "surveyapp" */ = {
			isa = XCConfigurationList;
			buildConfigurations = (
				F54ECEE72DA2EC6E0033FDBB /* Debug */,
				F54ECEE82DA2EC6E0033FDBB /* Release */,
			);
			defaultConfigurationIsVisible = 0;
			defaultConfigurationName = Release;
		};
		F54ECEE92DA2EC6E0033FDBB /* Build configuration list for PBXNativeTarget "surveyapp" */ = {
			isa = XCConfigurationList;
			buildConfigurations = (
				F54ECEEA2DA2EC6E0033FDBB /* Debug */,
				F54ECEEB2DA2EC6E0033FDBB /* Release */,
			);
			defaultConfigurationIsVisible = 0;
			defaultConfigurationName = Release;
		};
		F54ECEEC2DA2EC6E0033FDBB /* Build configuration list for PBXNativeTarget "surveyappTests" */ = {
			isa = XCConfigurationList;
			buildConfigurations = (
				F54ECEED2DA2EC6E0033FDBB /* Debug */,
				F54ECEEE2DA2EC6E0033FDBB /* Release */,
			);
			defaultConfigurationIsVisible = 0;
			defaultConfigurationName = Release;
		};
		F54ECEEF2DA2EC6E0033FDBB /* Build configuration list for PBXNativeTarget "surveyappUITests" */ = {
			isa = XCConfigurationList;
			buildConfigurations = (
				F54ECEF02DA2EC6E0033FDBB /* Debug */,
				F54ECEF12DA2EC6E0033FDBB /* Release */,
			);
			defaultConfigurationIsVisible = 0;
			defaultConfigurationName = Release;
		};
/* End XCConfigurationList section */
	};
	rootObject = F54ECEBE2DA2EC690033FDBB /* Project object */;
}
